
Microsoft Visual Studio Solution File, Format Version 12.00
# Visual Studio Version 17
VisualStudioVersion = 17.1.32407.343
MinimumVisualStudioVersion = 10.0.40219.1
Project("{9A19103F-16F7-4668-BE54-9A1E7A4F7556}") = "ManewryMorskie", "ManewryMorskie\ManewryMorskie.csproj", "{4C6CAB49-F592-4254-B5F0-FDCC713A39CC}"
EndProject
Project("{9A19103F-16F7-4668-BE54-9A1E7A4F7556}") = "ManewryMorskieRazor", "ManewryMorskieRazor\ManewryMorskieRazor.csproj", "{981674E3-0ED4-4D4F-A6FD-9BCACC00F7A5}"
EndProject
Project("{FAE04EC0-301F-11D3-BF4B-00C04F79EFBC}") = "ManewryTests", "ManewryTests\ManewryTests.csproj", "{0625F1B8-EFD4-4CDA-8CED-B19838DE094F}"
EndProject
Project("{FAE04EC0-301F-11D3-BF4B-00C04F79EFBC}") = "CellLib", "CellsLib\CellLib.csproj", "{A737BFF0-019F-4D6A-9666-6212978067BE}"
EndProject
Global
	GlobalSection(SolutionConfigurationPlatforms) = preSolution
		Debug|Any CPU = Debug|Any CPU
		Release|Any CPU = Release|Any CPU
	EndGlobalSection
	GlobalSection(ProjectConfigurationPlatforms) = postSolution
		{4C6CAB49-F592-4254-B5F0-FDCC713A39CC}.Debug|Any CPU.ActiveCfg = Debug|Any CPU
		{4C6CAB49-F592-4254-B5F0-FDCC713A39CC}.Debug|Any CPU.Build.0 = Debug|Any CPU
		{4C6CAB49-F592-4254-B5F0-FDCC713A39CC}.Release|Any CPU.ActiveCfg = Release|Any CPU
		{4C6CAB49-F592-4254-B5F0-FDCC713A39CC}.Release|Any CPU.Build.0 = Release|Any CPU
		{981674E3-0ED4-4D4F-A6FD-9BCACC00F7A5}.Debug|Any CPU.ActiveCfg = Debug|Any CPU
		{981674E3-0ED4-4D4F-A6FD-9BCACC00F7A5}.Debug|Any CPU.Build.0 = Debug|Any CPU
		{981674E3-0ED4-4D4F-A6FD-9BCACC00F7A5}.Release|Any CPU.ActiveCfg = Release|Any CPU
		{981674E3-0ED4-4D4F-A6FD-9BCACC00F7A5}.Release|Any CPU.Build.0 = Release|Any CPU
		{0625F1B8-EFD4-4CDA-8CED-B19838DE094F}.Debug|Any CPU.ActiveCfg = Debug|Any CPU
		{0625F1B8-EFD4-4CDA-8CED-B19838DE094F}.Debug|Any CPU.Build.0 = Debug|Any CPU
		{0625F1B8-EFD4-4CDA-8CED-B19838DE094F}.Release|Any CPU.ActiveCfg = Release|Any CPU
		{0625F1B8-EFD4-4CDA-8CED-B19838DE094F}.Release|Any CPU.Build.0 = Release|Any CPU
		{A737BFF0-019F-4D6A-9666-6212978067BE}.Debug|Any CPU.ActiveCfg = Debug|Any CPU
		{A737BFF0-019F-4D6A-9666-6212978067BE}.Debug|Any CPU.Build.0 = Debug|Any CPU
		{A737BFF0-019F-4D6A-9666-6212978067BE}.Release|Any CPU.ActiveCfg = Release|Any CPU
		{A737BFF0-019F-4D6A-9666-6212978067BE}.Release|Any CPU.Build.0 = Release|Any CPU
	EndGlobalSection
	GlobalSection(SolutionProperties) = preSolution
		HideSolutionNode = FALSE
	EndGlobalSection
	GlobalSection(ExtensibilityGlobals) = postSolution
		SolutionGuid = {7CDCBE6F-7ADD-442E-83B1-2E172FB0FC6D}
	EndGlobalSection
EndGlobal
